
Microsoft Visual Studio Solution File, Format Version 12.00
# Visual Studio 15
VisualStudioVersion = 15.0.28307.2092
MinimumVisualStudioVersion = 10.0.40219.1
Project("{8BC9CEB8-8B4A-11D0-8D11-00A0C91BC942}") = "UWBPro", "UWBPro.vcxproj", "{678F081F-69C7-499B-8D68-55A8BC05E625}"
EndProject
Global
	GlobalSection(SolutionConfigurationPlatforms) = preSolution
		Debug|x64 = Debug|x64
		Debug|x86 = Debug|x86
		Release|x64 = Release|x64
		Release|x86 = Release|x86
	EndGlobalSection
	GlobalSection(ProjectConfigurationPlatforms) = postSolution
		{678F081F-69C7-499B-8D68-55A8BC05E625}.Debug|x64.ActiveCfg = Debug|x64
		{678F081F-69C7-499B-8D68-55A8BC05E625}.Debug|x64.Build.0 = Debug|x64
		{678F081F-69C7-499B-8D68-55A8BC05E625}.Debug|x86.ActiveCfg = Debug|Win32
		{678F081F-69C7-499B-8D68-55A8BC05E625}.Debug|x86.Build.0 = Debug|Win32
		{678F081F-69C7-499B-8D68-55A8BC05E625}.Release|x64.ActiveCfg = Release|x64
		{678F081F-69C7-499B-8D68-55A8BC05E625}.Release|x64.Build.0 = Release|x64
		{678F081F-69C7-499B-8D68-55A8BC05E625}.Release|x86.ActiveCfg = Release|Win32
		{678F081F-69C7-499B-8D68-55A8BC05E625}.Release|x86.Build.0 = Release|Win32
	EndGlobalSection
	GlobalSection(SolutionProperties) = preSolution
		HideSolutionNode = FALSE
	EndGlobalSection
	GlobalSection(ExtensibilityGlobals) = postSolution
		SolutionGuid = {BB1BC80D-AA9B-4A23-BDF1-EFCBF2E5F1D5}
	EndGlobalSection
EndGlobal
